
Microsoft Visual Studio Solution File, Format Version 12.00
# Visual Studio Version 16
VisualStudioVersion = 16.0.29326.143
MinimumVisualStudioVersion = 10.0.40219.1
Project("{FAE04EC0-301F-11D3-BF4B-00C04F79EFBC}") = "SkyElevator", "SkyElevator\SkyElevator.csproj", "{AF826CCA-EDB2-4EA7-8B48-50D6B1AC5F47}"
EndProject
Project("{FAE04EC0-301F-11D3-BF4B-00C04F79EFBC}") = "Tester", "Tester\Tester.csproj", "{0E8267D8-6410-49E7-8483-3FF05B486A15}"
EndProject
Project("{FAE04EC0-301F-11D3-BF4B-00C04F79EFBC}") = "SebeClient", "SebeClient\SebeClient.csproj", "{5E67D9C2-C8BF-4583-AFC6-3C880027A446}"
EndProject
Project("{FAE04EC0-301F-11D3-BF4B-00C04F79EFBC}") = "Core", "Core\Core.csproj", "{8A9FA4EA-6721-4A19-9118-114414492B72}"
EndProject
Global
	GlobalSection(SolutionConfigurationPlatforms) = preSolution
		Debug|Any CPU = Debug|Any CPU
		Debug|x64 = Debug|x64
		Release|Any CPU = Release|Any CPU
		Release|x64 = Release|x64
	EndGlobalSection
	GlobalSection(ProjectConfigurationPlatforms) = postSolution
		{AF826CCA-EDB2-4EA7-8B48-50D6B1AC5F47}.Debug|Any CPU.ActiveCfg = Debug|Any CPU
		{AF826CCA-EDB2-4EA7-8B48-50D6B1AC5F47}.Debug|Any CPU.Build.0 = Debug|Any CPU
		{AF826CCA-EDB2-4EA7-8B48-50D6B1AC5F47}.Debug|x64.ActiveCfg = Debug|x64
		{AF826CCA-EDB2-4EA7-8B48-50D6B1AC5F47}.Debug|x64.Build.0 = Debug|x64
		{AF826CCA-EDB2-4EA7-8B48-50D6B1AC5F47}.Release|Any CPU.ActiveCfg = Release|Any CPU
		{AF826CCA-EDB2-4EA7-8B48-50D6B1AC5F47}.Release|Any CPU.Build.0 = Release|Any CPU
		{AF826CCA-EDB2-4EA7-8B48-50D6B1AC5F47}.Release|x64.ActiveCfg = Release|x64
		{AF826CCA-EDB2-4EA7-8B48-50D6B1AC5F47}.Release|x64.Build.0 = Release|x64
		{0E8267D8-6410-49E7-8483-3FF05B486A15}.Debug|Any CPU.ActiveCfg = Debug|Any CPU
		{0E8267D8-6410-49E7-8483-3FF05B486A15}.Debug|Any CPU.Build.0 = Debug|Any CPU
		{0E8267D8-6410-49E7-8483-3FF05B486A15}.Debug|x64.ActiveCfg = Debug|Any CPU
		{0E8267D8-6410-49E7-8483-3FF05B486A15}.Debug|x64.Build.0 = Debug|Any CPU
		{0E8267D8-6410-49E7-8483-3FF05B486A15}.Release|Any CPU.ActiveCfg = Release|Any CPU
		{0E8267D8-6410-49E7-8483-3FF05B486A15}.Release|Any CPU.Build.0 = Release|Any CPU
		{0E8267D8-6410-49E7-8483-3FF05B486A15}.Release|x64.ActiveCfg = Release|Any CPU
		{0E8267D8-6410-49E7-8483-3FF05B486A15}.Release|x64.Build.0 = Release|Any CPU
		{5E67D9C2-C8BF-4583-AFC6-3C880027A446}.Debug|Any CPU.ActiveCfg = Debug|Any CPU
		{5E67D9C2-C8BF-4583-AFC6-3C880027A446}.Debug|Any CPU.Build.0 = Debug|Any CPU
		{5E67D9C2-C8BF-4583-AFC6-3C880027A446}.Debug|x64.ActiveCfg = Debug|Any CPU
		{5E67D9C2-C8BF-4583-AFC6-3C880027A446}.Debug|x64.Build.0 = Debug|Any CPU
		{5E67D9C2-C8BF-4583-AFC6-3C880027A446}.Release|Any CPU.ActiveCfg = Release|Any CPU
		{5E67D9C2-C8BF-4583-AFC6-3C880027A446}.Release|Any CPU.Build.0 = Release|Any CPU
		{5E67D9C2-C8BF-4583-AFC6-3C880027A446}.Release|x64.ActiveCfg = Release|Any CPU
		{5E67D9C2-C8BF-4583-AFC6-3C880027A446}.Release|x64.Build.0 = Release|Any CPU
		{8A9FA4EA-6721-4A19-9118-114414492B72}.Debug|Any CPU.ActiveCfg = Debug|Any CPU
		{8A9FA4EA-6721-4A19-9118-114414492B72}.Debug|Any CPU.Build.0 = Debug|Any CPU
		{8A9FA4EA-6721-4A19-9118-114414492B72}.Debug|x64.ActiveCfg = Debug|Any CPU
		{8A9FA4EA-6721-4A19-9118-114414492B72}.Debug|x64.Build.0 = Debug|Any CPU
		{8A9FA4EA-6721-4A19-9118-114414492B72}.Release|Any CPU.ActiveCfg = Release|Any CPU
		{8A9FA4EA-6721-4A19-9118-114414492B72}.Release|Any CPU.Build.0 = Release|Any CPU
		{8A9FA4EA-6721-4A19-9118-114414492B72}.Release|x64.ActiveCfg = Release|Any CPU
		{8A9FA4EA-6721-4A19-9118-114414492B72}.Release|x64.Build.0 = Release|Any CPU
	EndGlobalSection
	GlobalSection(SolutionProperties) = preSolution
		HideSolutionNode = FALSE
	EndGlobalSection
	GlobalSection(ExtensibilityGlobals) = postSolution
		SolutionGuid = {B1D80BFA-1A50-4CA8-9184-503CFBADDB79}
	EndGlobalSection
EndGlobal
